{
  "version": 4,
  "terraform_version": "0.12.19",
  "serial": 1,
  "lineage": "0c9078c8-c420-e1a8-d240-5c1e17d0373a",
  "outputs": {},
  "resources": [
    {
      "mode": "managed",
      "type": "aws_vpc",
      "name": "myvpc",
      "provider": "provider.aws",
      "instances": [
        {
          "schema_version": 1,
          "attributes": {
            "arn": "arn:aws:ec2:ap-northeast-1:606003562680:vpc/vpc-6c69460b",
            "assign_generated_ipv6_cidr_block": false,
            "cidr_block": "172.31.0.0/16",
            "default_network_acl_id": "acl-3201dc54",
            "default_route_table_id": "rtb-22d15544",
            "default_security_group_id": "sg-0195ad7d",
            "dhcp_options_id": "dopt-30207557",
            "enable_classiclink": false,
            "enable_classiclink_dns_support": false,
            "enable_dns_hostnames": true,
            "enable_dns_support": true,
            "id": "vpc-6c69460b",
            "instance_tenancy": "default",
            "ipv6_association_id": "",
            "ipv6_cidr_block": "",
            "main_route_table_id": "rtb-22d15544",
            "owner_id": "606003562680",
            "tags": {}
          },
          "private": "eyJzY2hlbWFfdmVyc2lvbiI6IjEifQ=="
        }
      ]
    }
  ]
}
